// !$*UTF8*$!
{
	archiveVersion = 1;
	classes = {
	};
	objectVersion = 55;
	objects = {

/* Begin PBXBuildFile section */
		72F29D5E27602ED7002E9DE5 /* encode-v1.c in Sources */ = {isa = PBXBuildFile; fileRef = 72F29D4027602ED6002E9DE5 /* encode-v1.c */; };
		72F29D5F27602ED7002E9DE5 /* stats.c in Sources */ = {isa = PBXBuildFile; fileRef = 72F29D4927602ED6002E9DE5 /* stats.c */; };
		72F29D6027602ED7002E9DE5 /* Makefile in Sources */ = {isa = PBXBuildFile; fileRef = 72F29D4D27602ED6002E9DE5 /* Makefile */; };
		72F29D6127602ED7002E9DE5 /* pq.c in Sources */ = {isa = PBXBuildFile; fileRef = 72F29D4E27602ED6002E9DE5 /* pq.c */; };
		72F29D6227602ED7002E9DE5 /* huffman.c in Sources */ = {isa = PBXBuildFile; fileRef = 72F29D4F27602ED6002E9DE5 /* huffman.c */; };
		72F29D6327602ED7002E9DE5 /* echo.c in Sources */ = {isa = PBXBuildFile; fileRef = 72F29D5027602ED6002E9DE5 /* echo.c */; };
		72F29D6427602ED7002E9DE5 /* node.c in Sources */ = {isa = PBXBuildFile; fileRef = 72F29D5227602ED6002E9DE5 /* node.c */; };
		72F29D6527602ED7002E9DE5 /* code.c in Sources */ = {isa = PBXBuildFile; fileRef = 72F29D5427602ED6002E9DE5 /* code.c */; };
		72F29D6627602ED7002E9DE5 /* readbit.c in Sources */ = {isa = PBXBuildFile; fileRef = 72F29D5627602ED6002E9DE5 /* readbit.c */; };
		72F29D6727602ED7002E9DE5 /* heap.c in Sources */ = {isa = PBXBuildFile; fileRef = 72F29D5727602ED6002E9DE5 /* heap.c */; };
		72F29D6827602ED7002E9DE5 /* io.c in Sources */ = {isa = PBXBuildFile; fileRef = 72F29D5827602ED6002E9DE5 /* io.c */; };
		72F29D6927602ED7002E9DE5 /* encode.c in Sources */ = {isa = PBXBuildFile; fileRef = 72F29D5927602ED6002E9DE5 /* encode.c */; };
		72F29D6A27602ED7002E9DE5 /* iohelper.c in Sources */ = {isa = PBXBuildFile; fileRef = 72F29D5B27602ED7002E9DE5 /* iohelper.c */; };
/* End PBXBuildFile section */

/* Begin PBXCopyFilesBuildPhase section */
		72F29D3427602B70002E9DE5 /* CopyFiles */ = {
			isa = PBXCopyFilesBuildPhase;
			buildActionMask = 2147483647;
			dstPath = /usr/share/man/man1/;
			dstSubfolderSpec = 0;
			files = (
			);
			runOnlyForDeploymentPostprocessing = 1;
		};
/* End PBXCopyFilesBuildPhase section */

/* Begin PBXFileReference section */
		72D3011A277009AF00A1623E /* stack.h */ = {isa = PBXFileReference; lastKnownFileType = sourcecode.c.h; path = stack.h; sourceTree = "<group>"; };
		72D3011B277009AF00A1623E /* heap.h */ = {isa = PBXFileReference; lastKnownFileType = sourcecode.c.h; path = heap.h; sourceTree = "<group>"; };
		72D3011C277009AF00A1623E /* iohelper.h */ = {isa = PBXFileReference; lastKnownFileType = sourcecode.c.h; path = iohelper.h; sourceTree = "<group>"; };
		72D3011D277009AF00A1623E /* encode-v1.c */ = {isa = PBXFileReference; lastKnownFileType = sourcecode.c.c; path = "encode-v1.c"; sourceTree = "<group>"; };
		72D3011E277009AF00A1623E /* heap.c */ = {isa = PBXFileReference; lastKnownFileType = sourcecode.c.c; path = heap.c; sourceTree = "<group>"; };
		72D3011F277009AF00A1623E /* shortfile.txt */ = {isa = PBXFileReference; lastKnownFileType = text; path = shortfile.txt; sourceTree = "<group>"; };
		72D30120277009AF00A1623E /* set.h */ = {isa = PBXFileReference; lastKnownFileType = sourcecode.c.h; path = set.h; sourceTree = "<group>"; };
		72D30121277009AF00A1623E /* pq.h */ = {isa = PBXFileReference; lastKnownFileType = sourcecode.c.h; path = pq.h; sourceTree = "<group>"; };
		72D30122277009AF00A1623E /* short.txt */ = {isa = PBXFileReference; lastKnownFileType = text; path = short.txt; sourceTree = "<group>"; };
		72D30123277009AF00A1623E /* code.c */ = {isa = PBXFileReference; lastKnownFileType = sourcecode.c.c; path = code.c; sourceTree = "<group>"; };
		72D30124277009AF00A1623E /* stats.h */ = {isa = PBXFileReference; lastKnownFileType = sourcecode.c.h; path = stats.h; sourceTree = "<group>"; };
		72D30125277009AF00A1623E /* node.h */ = {isa = PBXFileReference; lastKnownFileType = sourcecode.c.h; path = node.h; sourceTree = "<group>"; };
		72D30126277009AF00A1623E /* defines.h */ = {isa = PBXFileReference; lastKnownFileType = sourcecode.c.h; path = defines.h; sourceTree = "<group>"; };
		72D30127277009AF00A1623E /* readbit.c */ = {isa = PBXFileReference; lastKnownFileType = sourcecode.c.c; path = readbit.c; sourceTree = "<group>"; };
		72D30128277009AF00A1623E /* code.h */ = {isa = PBXFileReference; lastKnownFileType = sourcecode.c.h; path = code.h; sourceTree = "<group>"; };
		72D30129277009AF00A1623E /* pq.c */ = {isa = PBXFileReference; lastKnownFileType = sourcecode.c.c; path = pq.c; sourceTree = "<group>"; };
		72D3012A277009AF00A1623E /* header.h */ = {isa = PBXFileReference; lastKnownFileType = sourcecode.c.h; path = header.h; sourceTree = "<group>"; };
		72D3012B277009AF00A1623E /* huffman.h */ = {isa = PBXFileReference; lastKnownFileType = sourcecode.c.h; path = huffman.h; sourceTree = "<group>"; };
		72D3012C277009AF00A1623E /* iohelper.c */ = {isa = PBXFileReference; lastKnownFileType = sourcecode.c.c; path = iohelper.c; sourceTree = "<group>"; };
		72D3012D277009AF00A1623E /* bv32.h */ = {isa = PBXFileReference; lastKnownFileType = sourcecode.c.h; path = bv32.h; sourceTree = "<group>"; };
		72D3012E277009AF00A1623E /* Makefile */ = {isa = PBXFileReference; lastKnownFileType = sourcecode.make; path = Makefile; sourceTree = "<group>"; };
		72D3012F277009AF00A1623E /* io.c */ = {isa = PBXFileReference; lastKnownFileType = sourcecode.c.c; path = io.c; sourceTree = "<group>"; };
		72D30130277009AF00A1623E /* huffman.c */ = {isa = PBXFileReference; lastKnownFileType = sourcecode.c.c; path = huffman.c; sourceTree = "<group>"; };
		72D30131277009AF00A1623E /* echo.c */ = {isa = PBXFileReference; lastKnownFileType = sourcecode.c.c; path = echo.c; sourceTree = "<group>"; };
		72D30132277009AF00A1623E /* bv8.h */ = {isa = PBXFileReference; lastKnownFileType = sourcecode.c.h; path = bv8.h; sourceTree = "<group>"; };
		72D30133277009AF00A1623E /* io.h */ = {isa = PBXFileReference; lastKnownFileType = sourcecode.c.h; path = io.h; sourceTree = "<group>"; };
		72D30134277009AF00A1623E /* encode.c */ = {isa = PBXFileReference; lastKnownFileType = sourcecode.c.c; path = encode.c; sourceTree = "<group>"; };
		72D30135277009AF00A1623E /* banana.txt */ = {isa = PBXFileReference; lastKnownFileType = text; path = banana.txt; sourceTree = "<group>"; };
		72D30136277009B000A1623E /* node.c */ = {isa = PBXFileReference; lastKnownFileType = sourcecode.c.c; path = node.c; sourceTree = "<group>"; };
		72D30137277009B000A1623E /* stats.c */ = {isa = PBXFileReference; lastKnownFileType = sourcecode.c.c; path = stats.c; sourceTree = "<group>"; };
		72F29D3627602B70002E9DE5 /* Huffman Encoder */ = {isa = PBXFileReference; explicitFileType = "compiled.mach-o.executable"; includeInIndex = 0; path = "Huffman Encoder"; sourceTree = BUILT_PRODUCTS_DIR; };
		72F29D4027602ED6002E9DE5 /* encode-v1.c */ = {isa = PBXFileReference; fileEncoding = 4; lastKnownFileType = sourcecode.c.c; name = "encode-v1.c"; path = "../../encode-v1.c"; sourceTree = "<group>"; };
		72F29D4127602ED6002E9DE5 /* stats.h */ = {isa = PBXFileReference; fileEncoding = 4; lastKnownFileType = sourcecode.c.h; name = stats.h; path = ../../stats.h; sourceTree = "<group>"; };
		72F29D4227602ED6002E9DE5 /* bv32.h */ = {isa = PBXFileReference; fileEncoding = 4; lastKnownFileType = sourcecode.c.h; name = bv32.h; path = ../../bv32.h; sourceTree = "<group>"; };
		72F29D4327602ED6002E9DE5 /* banana.txt */ = {isa = PBXFileReference; fileEncoding = 4; lastKnownFileType = text; name = banana.txt; path = ../../banana.txt; sourceTree = "<group>"; };
		72F29D4427602ED6002E9DE5 /* stack.h */ = {isa = PBXFileReference; fileEncoding = 4; lastKnownFileType = sourcecode.c.h; name = stack.h; path = ../../stack.h; sourceTree = "<group>"; };
		72F29D4527602ED6002E9DE5 /* io.h */ = {isa = PBXFileReference; fileEncoding = 4; lastKnownFileType = sourcecode.c.h; name = io.h; path = ../../io.h; sourceTree = "<group>"; };
		72F29D4627602ED6002E9DE5 /* huffman.h */ = {isa = PBXFileReference; fileEncoding = 4; lastKnownFileType = sourcecode.c.h; name = huffman.h; path = ../../huffman.h; sourceTree = "<group>"; };
		72F29D4727602ED6002E9DE5 /* set.h */ = {isa = PBXFileReference; fileEncoding = 4; lastKnownFileType = sourcecode.c.h; name = set.h; path = ../../set.h; sourceTree = "<group>"; };
		72F29D4827602ED6002E9DE5 /* shortfile.txt */ = {isa = PBXFileReference; fileEncoding = 4; lastKnownFileType = text; name = shortfile.txt; path = ../../shortfile.txt; sourceTree = "<group>"; };
		72F29D4927602ED6002E9DE5 /* stats.c */ = {isa = PBXFileReference; fileEncoding = 4; lastKnownFileType = sourcecode.c.c; name = stats.c; path = ../../stats.c; sourceTree = "<group>"; };
		72F29D4A27602ED6002E9DE5 /* defines.h */ = {isa = PBXFileReference; fileEncoding = 4; lastKnownFileType = sourcecode.c.h; name = defines.h; path = ../../defines.h; sourceTree = "<group>"; };
		72F29D4B27602ED6002E9DE5 /* node.h */ = {isa = PBXFileReference; fileEncoding = 4; lastKnownFileType = sourcecode.c.h; name = node.h; path = ../../node.h; sourceTree = "<group>"; };
		72F29D4C27602ED6002E9DE5 /* heap.h */ = {isa = PBXFileReference; fileEncoding = 4; lastKnownFileType = sourcecode.c.h; name = heap.h; path = ../../heap.h; sourceTree = "<group>"; };
		72F29D4D27602ED6002E9DE5 /* Makefile */ = {isa = PBXFileReference; fileEncoding = 4; lastKnownFileType = sourcecode.make; name = Makefile; path = ../../Makefile; sourceTree = "<group>"; };
		72F29D4E27602ED6002E9DE5 /* pq.c */ = {isa = PBXFileReference; fileEncoding = 4; lastKnownFileType = sourcecode.c.c; name = pq.c; path = ../../pq.c; sourceTree = "<group>"; };
		72F29D4F27602ED6002E9DE5 /* huffman.c */ = {isa = PBXFileReference; fileEncoding = 4; lastKnownFileType = sourcecode.c.c; name = huffman.c; path = ../../huffman.c; sourceTree = "<group>"; };
		72F29D5027602ED6002E9DE5 /* echo.c */ = {isa = PBXFileReference; fileEncoding = 4; lastKnownFileType = sourcecode.c.c; name = echo.c; path = ../../echo.c; sourceTree = "<group>"; };
		72F29D5127602ED6002E9DE5 /* short.txt */ = {isa = PBXFileReference; fileEncoding = 4; lastKnownFileType = text; name = short.txt; path = ../../short.txt; sourceTree = "<group>"; };
		72F29D5227602ED6002E9DE5 /* node.c */ = {isa = PBXFileReference; fileEncoding = 4; lastKnownFileType = sourcecode.c.c; name = node.c; path = ../../node.c; sourceTree = "<group>"; };
		72F29D5327602ED6002E9DE5 /* header.h */ = {isa = PBXFileReference; fileEncoding = 4; lastKnownFileType = sourcecode.c.h; name = header.h; path = ../../header.h; sourceTree = "<group>"; };
		72F29D5427602ED6002E9DE5 /* code.c */ = {isa = PBXFileReference; fileEncoding = 4; lastKnownFileType = sourcecode.c.c; name = code.c; path = ../../code.c; sourceTree = "<group>"; };
		72F29D5527602ED6002E9DE5 /* bv8.h */ = {isa = PBXFileReference; fileEncoding = 4; lastKnownFileType = sourcecode.c.h; name = bv8.h; path = ../../bv8.h; sourceTree = "<group>"; };
		72F29D5627602ED6002E9DE5 /* readbit.c */ = {isa = PBXFileReference; fileEncoding = 4; lastKnownFileType = sourcecode.c.c; name = readbit.c; path = ../../readbit.c; sourceTree = "<group>"; };
		72F29D5727602ED6002E9DE5 /* heap.c */ = {isa = PBXFileReference; fileEncoding = 4; lastKnownFileType = sourcecode.c.c; name = heap.c; path = ../../heap.c; sourceTree = "<group>"; };
		72F29D5827602ED6002E9DE5 /* io.c */ = {isa = PBXFileReference; fileEncoding = 4; lastKnownFileType = sourcecode.c.c; name = io.c; path = ../../io.c; sourceTree = "<group>"; };
		72F29D5927602ED6002E9DE5 /* encode.c */ = {isa = PBXFileReference; fileEncoding = 4; lastKnownFileType = sourcecode.c.c; name = encode.c; path = ../../encode.c; sourceTree = "<group>"; };
		72F29D5A27602ED7002E9DE5 /* pq.h */ = {isa = PBXFileReference; fileEncoding = 4; lastKnownFileType = sourcecode.c.h; name = pq.h; path = ../../pq.h; sourceTree = "<group>"; };
		72F29D5B27602ED7002E9DE5 /* iohelper.c */ = {isa = PBXFileReference; fileEncoding = 4; lastKnownFileType = sourcecode.c.c; name = iohelper.c; path = ../../iohelper.c; sourceTree = "<group>"; };
		72F29D5C27602ED7002E9DE5 /* code.h */ = {isa = PBXFileReference; fileEncoding = 4; lastKnownFileType = sourcecode.c.h; name = code.h; path = ../../code.h; sourceTree = "<group>"; };
		72F29D5D27602ED7002E9DE5 /* iohelper.h */ = {isa = PBXFileReference; fileEncoding = 4; lastKnownFileType = sourcecode.c.h; name = iohelper.h; path = ../../iohelper.h; sourceTree = "<group>"; };
/* End PBXFileReference section */

/* Begin PBXFrameworksBuildPhase section */
		72F29D3327602B70002E9DE5 /* Frameworks */ = {
			isa = PBXFrameworksBuildPhase;
			buildActionMask = 2147483647;
			files = (
			);
			runOnlyForDeploymentPostprocessing = 0;
		};
/* End PBXFrameworksBuildPhase section */

/* Begin PBXGroup section */
		72F29D2D27602B70002E9DE5 = {
			isa = PBXGroup;
			children = (
				72D30135277009AF00A1623E /* banana.txt */,
				72D30123277009AF00A1623E /* code.c */,
				72D30131277009AF00A1623E /* echo.c */,
				72D3011D277009AF00A1623E /* encode-v1.c */,
				72D30134277009AF00A1623E /* encode.c */,
				72D3011E277009AF00A1623E /* heap.c */,
				72D30130277009AF00A1623E /* huffman.c */,
				72D3012F277009AF00A1623E /* io.c */,
				72D3012C277009AF00A1623E /* iohelper.c */,
				72D30136277009B000A1623E /* node.c */,
				72D30129277009AF00A1623E /* pq.c */,
				72D30127277009AF00A1623E /* readbit.c */,
				72D30137277009B000A1623E /* stats.c */,
				72D30132277009AF00A1623E /* bv8.h */,
				72D3012D277009AF00A1623E /* bv32.h */,
				72D30128277009AF00A1623E /* code.h */,
				72D30126277009AF00A1623E /* defines.h */,
				72D3012A277009AF00A1623E /* header.h */,
				72D3011B277009AF00A1623E /* heap.h */,
				72D3012B277009AF00A1623E /* huffman.h */,
				72D30133277009AF00A1623E /* io.h */,
				72D3011C277009AF00A1623E /* iohelper.h */,
				72D3012E277009AF00A1623E /* Makefile */,
				72D30125277009AF00A1623E /* node.h */,
				72D30121277009AF00A1623E /* pq.h */,
				72D30120277009AF00A1623E /* set.h */,
				72D30122277009AF00A1623E /* short.txt */,
				72D3011F277009AF00A1623E /* shortfile.txt */,
				72D3011A277009AF00A1623E /* stack.h */,
				72D30124277009AF00A1623E /* stats.h */,
				72F29D3827602B70002E9DE5 /* Huffman Encoder */,
				72F29D3727602B70002E9DE5 /* Products */,
			);
			sourceTree = "<group>";
		};
		72F29D3727602B70002E9DE5 /* Products */ = {
			isa = PBXGroup;
			children = (
				72F29D3627602B70002E9DE5 /* Huffman Encoder */,
			);
			name = Products;
			sourceTree = "<group>";
		};
		72F29D3827602B70002E9DE5 /* Huffman Encoder */ = {
			isa = PBXGroup;
			children = (
				72F29D4327602ED6002E9DE5 /* banana.txt */,
				72F29D5427602ED6002E9DE5 /* code.c */,
				72F29D5027602ED6002E9DE5 /* echo.c */,
				72F29D4027602ED6002E9DE5 /* encode-v1.c */,
				72F29D5927602ED6002E9DE5 /* encode.c */,
				72F29D5727602ED6002E9DE5 /* heap.c */,
				72F29D4F27602ED6002E9DE5 /* huffman.c */,
				72F29D5827602ED6002E9DE5 /* io.c */,
				72F29D5B27602ED7002E9DE5 /* iohelper.c */,
				72F29D5227602ED6002E9DE5 /* node.c */,
				72F29D4E27602ED6002E9DE5 /* pq.c */,
				72F29D5627602ED6002E9DE5 /* readbit.c */,
				72F29D4927602ED6002E9DE5 /* stats.c */,
				72F29D5527602ED6002E9DE5 /* bv8.h */,
				72F29D4227602ED6002E9DE5 /* bv32.h */,
				72F29D5C27602ED7002E9DE5 /* code.h */,
				72F29D4A27602ED6002E9DE5 /* defines.h */,
				72F29D5327602ED6002E9DE5 /* header.h */,
				72F29D4C27602ED6002E9DE5 /* heap.h */,
				72F29D4627602ED6002E9DE5 /* huffman.h */,
				72F29D4527602ED6002E9DE5 /* io.h */,
				72F29D5D27602ED7002E9DE5 /* iohelper.h */,
				72F29D4D27602ED6002E9DE5 /* Makefile */,
				72F29D4B27602ED6002E9DE5 /* node.h */,
				72F29D5A27602ED7002E9DE5 /* pq.h */,
				72F29D4727602ED6002E9DE5 /* set.h */,
				72F29D5127602ED6002E9DE5 /* short.txt */,
				72F29D4827602ED6002E9DE5 /* shortfile.txt */,
				72F29D4427602ED6002E9DE5 /* stack.h */,
				72F29D4127602ED6002E9DE5 /* stats.h */,
			);
			path = "Huffman Encoder";
			sourceTree = "<group>";
		};
/* End PBXGroup section */

/* Begin PBXNativeTarget section */
		72F29D3527602B70002E9DE5 /* Huffman Encoder */ = {
			isa = PBXNativeTarget;
			buildConfigurationList = 72F29D3D27602B70002E9DE5 /* Build configuration list for PBXNativeTarget "Huffman Encoder" */;
			buildPhases = (
				72F29D3227602B70002E9DE5 /* Sources */,
				72F29D3327602B70002E9DE5 /* Frameworks */,
				72F29D3427602B70002E9DE5 /* CopyFiles */,
			);
			buildRules = (
			);
			dependencies = (
			);
			name = "Huffman Encoder";
			productName = "Huffman Encoder";
			productReference = 72F29D3627602B70002E9DE5 /* Huffman Encoder */;
			productType = "com.apple.product-type.tool";
		};
/* End PBXNativeTarget section */

/* Begin PBXProject section */
		72F29D2E27602B70002E9DE5 /* Project object */ = {
			isa = PBXProject;
			attributes = {
				BuildIndependentTargetsInParallel = 1;
				LastUpgradeCheck = 1310;
				TargetAttributes = {
					72F29D3527602B70002E9DE5 = {
						CreatedOnToolsVersion = 13.1;
					};
				};
			};
			buildConfigurationList = 72F29D3127602B70002E9DE5 /* Build configuration list for PBXProject "Huffman Encoder" */;
			compatibilityVersion = "Xcode 13.0";
			developmentRegion = en;
			hasScannedForEncodings = 0;
			knownRegions = (
				en,
				Base,
			);
			mainGroup = 72F29D2D27602B70002E9DE5;
			productRefGroup = 72F29D3727602B70002E9DE5 /* Products */;
			projectDirPath = "";
			projectRoot = "";
			targets = (
				72F29D3527602B70002E9DE5 /* Huffman Encoder */,
			);
		};
/* End PBXProject section */

/* Begin PBXSourcesBuildPhase section */
		72F29D3227602B70002E9DE5 /* Sources */ = {
			isa = PBXSourcesBuildPhase;
			buildActionMask = 2147483647;
			files = (
				72F29D5F27602ED7002E9DE5 /* stats.c in Sources */,
				72F29D6827602ED7002E9DE5 /* io.c in Sources */,
				72F29D6227602ED7002E9DE5 /* huffman.c in Sources */,
				72F29D5E27602ED7002E9DE5 /* encode-v1.c in Sources */,
				72F29D6027602ED7002E9DE5 /* Makefile in Sources */,
				72F29D6327602ED7002E9DE5 /* echo.c in Sources */,
				72F29D6627602ED7002E9DE5 /* readbit.c in Sources */,
				72F29D6A27602ED7002E9DE5 /* iohelper.c in Sources */,
				72F29D6427602ED7002E9DE5 /* node.c in Sources */,
				72F29D6527602ED7002E9DE5 /* code.c in Sources */,
				72F29D6727602ED7002E9DE5 /* heap.c in Sources */,
				72F29D6927602ED7002E9DE5 /* encode.c in Sources */,
				72F29D6127602ED7002E9DE5 /* pq.c in Sources */,
			);
			runOnlyForDeploymentPostprocessing = 0;
		};
/* End PBXSourcesBuildPhase section */

/* Begin XCBuildConfiguration section */
		72F29D3B27602B70002E9DE5 /* Debug */ = {
			isa = XCBuildConfiguration;
			buildSettings = {
				ALWAYS_SEARCH_USER_PATHS = NO;
				CLANG_ANALYZER_NONNULL = YES;
				CLANG_ANALYZER_NUMBER_OBJECT_CONVERSION = YES_AGGRESSIVE;
				CLANG_CXX_LANGUAGE_STANDARD = "gnu++17";
				CLANG_CXX_LIBRARY = "libc++";
				CLANG_ENABLE_MODULES = YES;
				CLANG_ENABLE_OBJC_ARC = YES;
				CLANG_ENABLE_OBJC_WEAK = YES;
				CLANG_WARN_BLOCK_CAPTURE_AUTORELEASING = YES;
				CLANG_WARN_BOOL_CONVERSION = YES;
				CLANG_WARN_COMMA = YES;
				CLANG_WARN_CONSTANT_CONVERSION = YES;
				CLANG_WARN_DEPRECATED_OBJC_IMPLEMENTATIONS = YES;
				CLANG_WARN_DIRECT_OBJC_ISA_USAGE = YES_ERROR;
				CLANG_WARN_DOCUMENTATION_COMMENTS = YES;
				CLANG_WARN_EMPTY_BODY = YES;
				CLANG_WARN_ENUM_CONVERSION = YES;
				CLANG_WARN_INFINITE_RECURSION = YES;
				CLANG_WARN_INT_CONVERSION = YES;
				CLANG_WARN_NON_LITERAL_NULL_CONVERSION = YES;
				CLANG_WARN_OBJC_IMPLICIT_RETAIN_SELF = YES;
				CLANG_WARN_OBJC_LITERAL_CONVERSION = YES;
				CLANG_WARN_OBJC_ROOT_CLASS = YES_ERROR;
				CLANG_WARN_QUOTED_INCLUDE_IN_FRAMEWORK_HEADER = YES;
				CLANG_WARN_RANGE_LOOP_ANALYSIS = YES;
				CLANG_WARN_STRICT_PROTOTYPES = YES;
				CLANG_WARN_SUSPICIOUS_MOVE = YES;
				CLANG_WARN_UNGUARDED_AVAILABILITY = YES_AGGRESSIVE;
				CLANG_WARN_UNREACHABLE_CODE = YES;
				CLANG_WARN__DUPLICATE_METHOD_MATCH = YES;
				COPY_PHASE_STRIP = NO;
				DEBUG_INFORMATION_FORMAT = dwarf;
				ENABLE_STRICT_OBJC_MSGSEND = YES;
				ENABLE_TESTABILITY = YES;
				GCC_C_LANGUAGE_STANDARD = gnu11;
				GCC_DYNAMIC_NO_PIC = NO;
				GCC_NO_COMMON_BLOCKS = YES;
				GCC_OPTIMIZATION_LEVEL = 0;
				GCC_PREPROCESSOR_DEFINITIONS = (
					"DEBUG=1",
					"$(inherited)",
				);
				GCC_WARN_64_TO_32_BIT_CONVERSION = YES;
				GCC_WARN_ABOUT_RETURN_TYPE = YES_ERROR;
				GCC_WARN_UNDECLARED_SELECTOR = YES;
				GCC_WARN_UNINITIALIZED_AUTOS = YES_AGGRESSIVE;
				GCC_WARN_UNUSED_FUNCTION = YES;
				GCC_WARN_UNUSED_VARIABLE = YES;
				MACOSX_DEPLOYMENT_TARGET = 12.0;
				MTL_ENABLE_DEBUG_INFO = INCLUDE_SOURCE;
				MTL_FAST_MATH = YES;
				ONLY_ACTIVE_ARCH = YES;
				SDKROOT = macosx;
			};
			name = Debug;
		};
		72F29D3C27602B70002E9DE5 /* Release */ = {
			isa = XCBuildConfiguration;
			buildSettings = {
				ALWAYS_SEARCH_USER_PATHS = NO;
				CLANG_ANALYZER_NONNULL = YES;
				CLANG_ANALYZER_NUMBER_OBJECT_CONVERSION = YES_AGGRESSIVE;
				CLANG_CXX_LANGUAGE_STANDARD = "gnu++17";
				CLANG_CXX_LIBRARY = "libc++";
				CLANG_ENABLE_MODULES = YES;
				CLANG_ENABLE_OBJC_ARC = YES;
				CLANG_ENABLE_OBJC_WEAK = YES;
				CLANG_WARN_BLOCK_CAPTURE_AUTORELEASING = YES;
				CLANG_WARN_BOOL_CONVERSION = YES;
				CLANG_WARN_COMMA = YES;
				CLANG_WARN_CONSTANT_CONVERSION = YES;
				CLANG_WARN_DEPRECATED_OBJC_IMPLEMENTATIONS = YES;
				CLANG_WARN_DIRECT_OBJC_ISA_USAGE = YES_ERROR;
				CLANG_WARN_DOCUMENTATION_COMMENTS = YES;
				CLANG_WARN_EMPTY_BODY = YES;
				CLANG_WARN_ENUM_CONVERSION = YES;
				CLANG_WARN_INFINITE_RECURSION = YES;
				CLANG_WARN_INT_CONVERSION = YES;
				CLANG_WARN_NON_LITERAL_NULL_CONVERSION = YES;
				CLANG_WARN_OBJC_IMPLICIT_RETAIN_SELF = YES;
				CLANG_WARN_OBJC_LITERAL_CONVERSION = YES;
				CLANG_WARN_OBJC_ROOT_CLASS = YES_ERROR;
				CLANG_WARN_QUOTED_INCLUDE_IN_FRAMEWORK_HEADER = YES;
				CLANG_WARN_RANGE_LOOP_ANALYSIS = YES;
				CLANG_WARN_STRICT_PROTOTYPES = YES;
				CLANG_WARN_SUSPICIOUS_MOVE = YES;
				CLANG_WARN_UNGUARDED_AVAILABILITY = YES_AGGRESSIVE;
				CLANG_WARN_UNREACHABLE_CODE = YES;
				CLANG_WARN__DUPLICATE_METHOD_MATCH = YES;
				COPY_PHASE_STRIP = NO;
				DEBUG_INFORMATION_FORMAT = "dwarf-with-dsym";
				ENABLE_NS_ASSERTIONS = NO;
				ENABLE_STRICT_OBJC_MSGSEND = YES;
				GCC_C_LANGUAGE_STANDARD = gnu11;
				GCC_NO_COMMON_BLOCKS = YES;
				GCC_WARN_64_TO_32_BIT_CONVERSION = YES;
				GCC_WARN_ABOUT_RETURN_TYPE = YES_ERROR;
				GCC_WARN_UNDECLARED_SELECTOR = YES;
				GCC_WARN_UNINITIALIZED_AUTOS = YES_AGGRESSIVE;
				GCC_WARN_UNUSED_FUNCTION = YES;
				GCC_WARN_UNUSED_VARIABLE = YES;
				MACOSX_DEPLOYMENT_TARGET = 12.0;
				MTL_ENABLE_DEBUG_INFO = NO;
				MTL_FAST_MATH = YES;
				SDKROOT = macosx;
			};
			name = Release;
		};
		72F29D3E27602B70002E9DE5 /* Debug */ = {
			isa = XCBuildConfiguration;
			buildSettings = {
				CODE_SIGN_STYLE = Automatic;
				PRODUCT_NAME = "$(TARGET_NAME)";
			};
			name = Debug;
		};
		72F29D3F27602B70002E9DE5 /* Release */ = {
			isa = XCBuildConfiguration;
			buildSettings = {
				CODE_SIGN_STYLE = Automatic;
				PRODUCT_NAME = "$(TARGET_NAME)";
			};
			name = Release;
		};
/* End XCBuildConfiguration section */

/* Begin XCConfigurationList section */
		72F29D3127602B70002E9DE5 /* Build configuration list for PBXProject "Huffman Encoder" */ = {
			isa = XCConfigurationList;
			buildConfigurations = (
				72F29D3B27602B70002E9DE5 /* Debug */,
				72F29D3C27602B70002E9DE5 /* Release */,
			);
			defaultConfigurationIsVisible = 0;
			defaultConfigurationName = Release;
		};
		72F29D3D27602B70002E9DE5 /* Build configuration list for PBXNativeTarget "Huffman Encoder" */ = {
			isa = XCConfigurationList;
			buildConfigurations = (
				72F29D3E27602B70002E9DE5 /* Debug */,
				72F29D3F27602B70002E9DE5 /* Release */,
			);
			defaultConfigurationIsVisible = 0;
			defaultConfigurationName = Release;
		};
/* End XCConfigurationList section */
	};
	rootObject = 72F29D2E27602B70002E9DE5 /* Project object */;
}
